
Microsoft Visual Studio Solution File, Format Version 12.00
# Visual Studio Version 17
VisualStudioVersion = 17.3.32929.385
MinimumVisualStudioVersion = 10.0.40219.1
Project("{FAE04EC0-301F-11D3-BF4B-00C04F79EFBC}") = "MetodoAbstrato", "MetodoAbstrato\MetodoAbstrato.csproj", "{BF0CECA1-1E3E-46DF-94F4-5D166F9F17F1}"
EndProject
Global
	GlobalSection(SolutionConfigurationPlatforms) = preSolution
		Debug|Any CPU = Debug|Any CPU
		Release|Any CPU = Release|Any CPU
	EndGlobalSection
	GlobalSection(ProjectConfigurationPlatforms) = postSolution
		{BF0CECA1-1E3E-46DF-94F4-5D166F9F17F1}.Debug|Any CPU.ActiveCfg = Debug|Any CPU
		{BF0CECA1-1E3E-46DF-94F4-5D166F9F17F1}.Debug|Any CPU.Build.0 = Debug|Any CPU
		{BF0CECA1-1E3E-46DF-94F4-5D166F9F17F1}.Release|Any CPU.ActiveCfg = Release|Any CPU
		{BF0CECA1-1E3E-46DF-94F4-5D166F9F17F1}.Release|Any CPU.Build.0 = Release|Any CPU
	EndGlobalSection
	GlobalSection(SolutionProperties) = preSolution
		HideSolutionNode = FALSE
	EndGlobalSection
	GlobalSection(ExtensibilityGlobals) = postSolution
		SolutionGuid = {59A90E32-2083-4408-923F-F86BDD6EF502}
	EndGlobalSection
EndGlobal
